<?xml version="1.0" encoding="utf-8"?>
<Project ToolsVersion="4.0" xmlns="http://schemas.microsoft.com/developer/msbuild/2003">
  <ItemGroup>
    <Filter Include="GameFramework">
      <UniqueIdentifier>{cccde409-42c4-4245-8615-71c432ee4f8b}</UniqueIdentifier>
    </Filter>
    <Filter Include="GameFramework\매니져">
      <UniqueIdentifier>{db6058e2-83f6-4c0d-a233-34e042a4969a}</UniqueIdentifier>
    </Filter>
    <Filter Include="GameFramework\유틸">
      <UniqueIdentifier>{82ed7401-0ae2-484e-9601-12b179f70e74}</UniqueIdentifier>
    </Filter>
    <Filter Include="MainGame">
      <UniqueIdentifier>{9c69a583-1983-4b33-912a-e558098cf29c}</UniqueIdentifier>
    </Filter>
    <Filter Include="MainGame\GameNode">
      <UniqueIdentifier>{8c4b8dd0-80cb-4dc5-bfed-01e6b65dba74}</UniqueIdentifier>
    </Filter>
    <Filter Include="WinMain">
      <UniqueIdentifier>{68b7cb8f-01ee-485e-8a9d-54f0e06f6040}</UniqueIdentifier>
    </Filter>
    <Filter Include="GameFramework\이미지">
      <UniqueIdentifier>{1e616e04-3329-41d7-b6ed-02b7d269f51f}</UniqueIdentifier>
    </Filter>
    <Filter Include="GameFramework\카메라">
      <UniqueIdentifier>{aa4ae9bf-5abe-4eee-a0e5-fe3d8d17ea5b}</UniqueIdentifier>
    </Filter>
    <Filter Include="GameFramework\싱글톤데이터">
      <UniqueIdentifier>{4f9c286a-e4c3-42c7-9fce-71a675503514}</UniqueIdentifier>
    </Filter>
    <Filter Include="GameFramework\Scene">
      <UniqueIdentifier>{bc5c7273-a316-4120-a6aa-57c10fcf0439}</UniqueIdentifier>
    </Filter>
    <Filter Include="MainGame\player">
      <UniqueIdentifier>{c085af44-2c6f-4769-8527-9f6c78d87154}</UniqueIdentifier>
    </Filter>
    <Filter Include="MainGame\boss">
      <UniqueIdentifier>{02108775-f88f-4f9d-9c74-6c6cf700b1f4}</UniqueIdentifier>
    </Filter>
  </ItemGroup>
  <ItemGroup>
    <ClCompile Include="winMain.cpp">
      <Filter>WinMain</Filter>
    </ClCompile>
    <ClCompile Include="stdafx.cpp">
      <Filter>WinMain</Filter>
    </ClCompile>
    <ClCompile Include="gameNode.cpp">
      <Filter>MainGame\GameNode</Filter>
    </ClCompile>
    <ClCompile Include="mainGame.cpp">
      <Filter>MainGame</Filter>
    </ClCompile>
    <ClCompile Include="input.cpp">
      <Filter>GameFramework\매니져</Filter>
    </ClCompile>
    <ClCompile Include="random.cpp">
      <Filter>GameFramework\유틸</Filter>
    </ClCompile>
    <ClCompile Include="image.cpp">
      <Filter>GameFramework\이미지</Filter>
    </ClCompile>
    <ClCompile Include="imageManager.cpp">
      <Filter>GameFramework\매니져</Filter>
    </ClCompile>
    <ClCompile Include="camera.cpp">
      <Filter>GameFramework\카메라</Filter>
    </ClCompile>
    <ClCompile Include="player.cpp">
      <Filter>MainGame\player</Filter>
    </ClCompile>
    <ClCompile Include="util.cpp">
      <Filter>GameFramework\유틸</Filter>
    </ClCompile>
    <ClCompile Include="playerData.cpp">
      <Filter>GameFramework\싱글톤데이터</Filter>
    </ClCompile>
    <ClCompile Include="sceneManager.cpp">
      <Filter>GameFramework\매니져</Filter>
    </ClCompile>
    <ClCompile Include="startScene.cpp">
      <Filter>GameFramework\Scene</Filter>
    </ClCompile>
    <ClCompile Include="gameScene.cpp">
      <Filter>GameFramework\Scene</Filter>
    </ClCompile>
    <ClCompile Include="imageLoader.cpp">
      <Filter>GameFramework\이미지</Filter>
    </ClCompile>
    <ClCompile Include="cameraManager.cpp">
      <Filter>GameFramework\카메라</Filter>
    </ClCompile>
    <ClCompile Include="enemy.cpp">
      <Filter>MainGame\boss</Filter>
    </ClCompile>
    <ClCompile Include="boss.cpp">
      <Filter>MainGame\boss</Filter>
    </ClCompile>
  </ItemGroup>
  <ItemGroup>
    <ClInclude Include="gameNode.h">
      <Filter>MainGame\GameNode</Filter>
    </ClInclude>
    <ClInclude Include="mainGame.h">
      <Filter>MainGame</Filter>
    </ClInclude>
    <ClInclude Include="stdafx.h">
      <Filter>MainGame</Filter>
    </ClInclude>
    <ClInclude Include="commonMacroFunction.h">
      <Filter>GameFramework\유틸</Filter>
    </ClInclude>
    <ClInclude Include="singletonBase.h">
      <Filter>GameFramework\매니져</Filter>
    </ClInclude>
    <ClInclude Include="input.h">
      <Filter>GameFramework\매니져</Filter>
    </ClInclude>
    <ClInclude Include="random.h">
      <Filter>GameFramework\유틸</Filter>
    </ClInclude>
    <ClInclude Include="image.h">
      <Filter>GameFramework\이미지</Filter>
    </ClInclude>
    <ClInclude Include="imageManager.h">
      <Filter>GameFramework\매니져</Filter>
    </ClInclude>
    <ClInclude Include="camera.h">
      <Filter>GameFramework\카메라</Filter>
    </ClInclude>
    <ClInclude Include="player.h">
      <Filter>MainGame\player</Filter>
    </ClInclude>
    <ClInclude Include="util.h">
      <Filter>GameFramework\유틸</Filter>
    </ClInclude>
    <ClInclude Include="playerData.h">
      <Filter>GameFramework\싱글톤데이터</Filter>
    </ClInclude>
    <ClInclude Include="sceneManager.h">
      <Filter>GameFramework\매니져</Filter>
    </ClInclude>
    <ClInclude Include="startScene.h">
      <Filter>GameFramework\Scene</Filter>
    </ClInclude>
    <ClInclude Include="gameScene.h">
      <Filter>GameFramework\Scene</Filter>
    </ClInclude>
    <ClInclude Include="Object_Pool.h">
      <Filter>GameFramework\매니져</Filter>
    </ClInclude>
    <ClInclude Include="imageLoader.h">
      <Filter>GameFramework\이미지</Filter>
    </ClInclude>
    <ClInclude Include="cameraManager.h">
      <Filter>GameFramework\카메라</Filter>
    </ClInclude>
    <ClInclude Include="enemy.h">
      <Filter>MainGame\boss</Filter>
    </ClInclude>
    <ClInclude Include="boss.h">
      <Filter>MainGame\boss</Filter>
    </ClInclude>
  </ItemGroup>
</Project>